{
  "name": "dashboard-gridstackjs",
  "lockfileVersion": 2,
  "requires": true,
  "packages": {
    "": {
      "dependencies": {
        "gridstack": "^8.4.0"
      }
    },
    "node_modules/gridstack": {
      "version": "8.4.0",
      "resolved": "https://registry.npmjs.org/gridstack/-/gridstack-8.4.0.tgz",
      "integrity": "sha512-qLJuJrBy9bbG3hI+h2cEhiuZ51J3MyEMmv5AXg7MCFiBeG8A4HyIUytueqtD/oZcA3Pccq2Xoj7GrwpmKOS3ig==",
      "funding": [
        {
          "type": "paypal",
          "url": "https://www.paypal.me/alaind831"
        },
        {
          "type": "venmo",
          "url": "https://www.venmo.com/adumesny"
        }
      ]
    }
  },
  "dependencies": {
    "gridstack": {
      "version": "8.4.0",
      "resolved": "https://registry.npmjs.org/gridstack/-/gridstack-8.4.0.tgz",
      "integrity": "sha512-qLJuJrBy9bbG3hI+h2cEhiuZ51J3MyEMmv5AXg7MCFiBeG8A4HyIUytueqtD/oZcA3Pccq2Xoj7GrwpmKOS3ig=="
    }
  }
}
